
Microsoft Visual Studio Solution File, Format Version 12.00
# Visual Studio Version 16
VisualStudioVersion = 16.0.29806.167
MinimumVisualStudioVersion = 10.0.40219.1
Project("{FAE04EC0-301F-11D3-BF4B-00C04F79EFBC}") = "CustomWebApi", "CustomWebApi\CustomWebApi.csproj", "{485C9A9D-3BD2-41E6-8AD8-E958D98B2ED2}"
EndProject
Global
	GlobalSection(SolutionConfigurationPlatforms) = preSolution
		Debug|Any CPU = Debug|Any CPU
		Release|Any CPU = Release|Any CPU
	EndGlobalSection
	GlobalSection(ProjectConfigurationPlatforms) = postSolution
		{485C9A9D-3BD2-41E6-8AD8-E958D98B2ED2}.Debug|Any CPU.ActiveCfg = Debug|Any CPU
		{485C9A9D-3BD2-41E6-8AD8-E958D98B2ED2}.Debug|Any CPU.Build.0 = Debug|Any CPU
		{485C9A9D-3BD2-41E6-8AD8-E958D98B2ED2}.Release|Any CPU.ActiveCfg = Release|Any CPU
		{485C9A9D-3BD2-41E6-8AD8-E958D98B2ED2}.Release|Any CPU.Build.0 = Release|Any CPU
	EndGlobalSection
	GlobalSection(SolutionProperties) = preSolution
		HideSolutionNode = FALSE
	EndGlobalSection
	GlobalSection(ExtensibilityGlobals) = postSolution
		SolutionGuid = {75E60D28-C711-4946-A5B4-AEA5ABCCD6BC}
	EndGlobalSection
EndGlobal
